<?xml version="1.0" encoding="utf-8"?>
<Project ToolsVersion="4.0" xmlns="http://schemas.microsoft.com/developer/msbuild/2003">
  <ItemGroup>
    <Filter Include="源文件">
      <UniqueIdentifier>{4FC737F1-C7A5-4376-A066-2A32D752A2FF}</UniqueIdentifier>
      <Extensions>cpp;c;cc;cxx;def;odl;idl;hpj;bat;asm;asmx</Extensions>
    </Filter>
    <Filter Include="头文件">
      <UniqueIdentifier>{93995380-89BD-4b04-88EB-625FBE52EBFB}</UniqueIdentifier>
      <Extensions>h;hh;hpp;hxx;hm;inl;inc;xsd</Extensions>
    </Filter>
    <Filter Include="资源文件">
      <UniqueIdentifier>{67DA6AB6-F800-4c08-8B7A-83BB121AAD01}</UniqueIdentifier>
      <Extensions>rc;ico;cur;bmp;dlg;rc2;rct;bin;rgs;gif;jpg;jpeg;jpe;resx;tiff;tif;png;wav;mfcribbon-ms</Extensions>
    </Filter>
    <Filter Include="Tools">
      <UniqueIdentifier>{da513fc1-dc39-494e-aba2-acfa72055949}</UniqueIdentifier>
    </Filter>
    <Filter Include="shader">
      <UniqueIdentifier>{6eb47e64-8fc0-4a60-a63c-668d6b457e8a}</UniqueIdentifier>
    </Filter>
  </ItemGroup>
  <ItemGroup>
    <ClInclude Include="stdafx.h">
      <Filter>头文件</Filter>
    </ClInclude>
    <ClInclude Include="targetver.h">
      <Filter>头文件</Filter>
    </ClInclude>
    <ClInclude Include="DATA_NET.h">
      <Filter>头文件</Filter>
    </ClInclude>
    <ClInclude Include="GENERAL_DATA.h">
      <Filter>头文件</Filter>
    </ClInclude>
    <ClInclude Include="CENTER.h">
      <Filter>头文件</Filter>
    </ClInclude>
    <ClInclude Include="WISH.h">
      <Filter>头文件</Filter>
    </ClInclude>
    <ClInclude Include="HeadFile.h">
      <Filter>头文件</Filter>
    </ClInclude>
    <ClInclude Include="SENSE.h">
      <Filter>头文件</Filter>
    </ClInclude>
    <ClInclude Include="UNIT.h">
      <Filter>头文件</Filter>
    </ClInclude>
    <ClInclude Include="SOUND.h">
      <Filter>头文件</Filter>
    </ClInclude>
    <ClInclude Include="LEARNSOUND.h">
      <Filter>Tools</Filter>
    </ClInclude>
    <ClInclude Include="READWAVE.h">
      <Filter>Tools</Filter>
    </ClInclude>
    <ClInclude Include="LoadShaders.h">
      <Filter>头文件</Filter>
    </ClInclude>
    <ClInclude Include="Shader.h">
      <Filter>头文件</Filter>
    </ClInclude>
    <ClInclude Include="Mygl.h">
      <Filter>头文件</Filter>
    </ClInclude>
    <ClInclude Include="SENSOR.h">
      <Filter>头文件</Filter>
    </ClInclude>
    <ClInclude Include="ViewSensor.h">
      <Filter>头文件</Filter>
    </ClInclude>
    <ClInclude Include="HearSensor.h">
      <Filter>头文件</Filter>
    </ClInclude>
  </ItemGroup>
  <ItemGroup>
    <ClCompile Include="stdafx.cpp">
      <Filter>源文件</Filter>
    </ClCompile>
    <ClCompile Include="MemData.cpp">
      <Filter>源文件</Filter>
    </ClCompile>
    <ClCompile Include="DATA_NET.cpp">
      <Filter>源文件</Filter>
    </ClCompile>
    <ClCompile Include="GENERAL_DATA.cpp">
      <Filter>源文件</Filter>
    </ClCompile>
    <ClCompile Include="CENTER.cpp">
      <Filter>源文件</Filter>
    </ClCompile>
    <ClCompile Include="WISH.cpp">
      <Filter>源文件</Filter>
    </ClCompile>
    <ClCompile Include="SENSE.cpp">
      <Filter>源文件</Filter>
    </ClCompile>
    <ClCompile Include="UNIT.cpp">
      <Filter>源文件</Filter>
    </ClCompile>
    <ClCompile Include="SOUND.cpp">
      <Filter>源文件</Filter>
    </ClCompile>
    <ClCompile Include="LEARNSOUND.cpp">
      <Filter>源文件</Filter>
    </ClCompile>
    <ClCompile Include="READWAVE.cpp">
      <Filter>源文件</Filter>
    </ClCompile>
    <ClCompile Include="LoadShaders.cpp">
      <Filter>源文件</Filter>
    </ClCompile>
    <ClCompile Include="Mygl.cpp">
      <Filter>源文件</Filter>
    </ClCompile>
    <ClCompile Include="SENSOR.cpp">
      <Filter>源文件</Filter>
    </ClCompile>
    <ClCompile Include="ViewSensor.cpp">
      <Filter>源文件</Filter>
    </ClCompile>
    <ClCompile Include="HearSensor.cpp">
      <Filter>源文件</Filter>
    </ClCompile>
  </ItemGroup>
  <ItemGroup>
    <None Include="shaders\triangles\SamData.frag">
      <Filter>shader</Filter>
    </None>
    <None Include="shaders\triangles\SamData.vert">
      <Filter>shader</Filter>
    </None>
    <None Include="shaders\triangles\Xaxis.frag">
      <Filter>shader</Filter>
    </None>
    <None Include="shaders\triangles\Xaxis.vert">
      <Filter>shader</Filter>
    </None>
  </ItemGroup>
  <ItemGroup>
    <Text Include="Text.txt">
      <Filter>资源文件</Filter>
    </Text>
  </ItemGroup>
</Project>